GIT
  remote: https://github.com/joelhawksley/auto_preview.git
  revision: 4c1525a423604850da0af70f63938d6f297c0770
  branch: main
  specs:
    auto_preview (0.1.0)
      actionview_precompiler (~> 0.4)
      herb
      rails

GEM
  remote: https://rubygems.org/
  specs:
<<<<<<< Updated upstream
    actioncable (8.0.4.1)
      actionpack (= 8.0.4.1)
      activesupport (= 8.0.4.1)
      nio4r (~> 2.0)
      websocket-driver (>= 0.6.1)
      zeitwerk (~> 2.6)
    actionmailbox (8.0.4.1)
      actionpack (= 8.0.4.1)
      activejob (= 8.0.4.1)
      activerecord (= 8.0.4.1)
      activestorage (= 8.0.4.1)
      activesupport (= 8.0.4.1)
      mail (>= 2.8.0)
    actionmailer (8.0.4.1)
      actionpack (= 8.0.4.1)
      actionview (= 8.0.4.1)
      activejob (= 8.0.4.1)
      activesupport (= 8.0.4.1)
      mail (>= 2.8.0)
      rails-dom-testing (~> 2.2)
    actionpack (8.0.4.1)
      actionview (= 8.0.4.1)
      activesupport (= 8.0.4.1)
=======
    action_text-trix (2.1.16)
      railties
    actioncable (8.1.2)
      actionpack (= 8.1.2)
      activesupport (= 8.1.2)
      nio4r (~> 2.0)
      websocket-driver (>= 0.6.1)
      zeitwerk (~> 2.6)
    actionmailbox (8.1.2)
      actionpack (= 8.1.2)
      activejob (= 8.1.2)
      activerecord (= 8.1.2)
      activestorage (= 8.1.2)
      activesupport (= 8.1.2)
      mail (>= 2.8.0)
    actionmailer (8.1.2)
      actionpack (= 8.1.2)
      actionview (= 8.1.2)
      activejob (= 8.1.2)
      activesupport (= 8.1.2)
      mail (>= 2.8.0)
      rails-dom-testing (~> 2.2)
    actionpack (8.1.2)
      actionview (= 8.1.2)
      activesupport (= 8.1.2)
>>>>>>> Stashed changes
      nokogiri (>= 1.8.5)
      rack (>= 2.2.4)
      rack-session (>= 1.0.1)
      rack-test (>= 0.6.3)
      rails-dom-testing (~> 2.2)
      rails-html-sanitizer (~> 1.6)
      useragent (~> 0.16)
<<<<<<< Updated upstream
    actiontext (8.0.4.1)
      actionpack (= 8.0.4.1)
      activerecord (= 8.0.4.1)
      activestorage (= 8.0.4.1)
      activesupport (= 8.0.4.1)
      globalid (>= 0.6.0)
      nokogiri (>= 1.8.5)
    actionview (8.0.4.1)
      activesupport (= 8.0.4.1)
=======
    actiontext (8.1.2)
      action_text-trix (~> 2.1.15)
      actionpack (= 8.1.2)
      activerecord (= 8.1.2)
      activestorage (= 8.1.2)
      activesupport (= 8.1.2)
      globalid (>= 0.6.0)
      nokogiri (>= 1.8.5)
    actionview (8.1.2)
      activesupport (= 8.1.2)
>>>>>>> Stashed changes
      builder (~> 3.1)
      erubi (~> 1.11)
      rails-dom-testing (~> 2.2)
      rails-html-sanitizer (~> 1.6)
<<<<<<< Updated upstream
    activejob (8.0.4.1)
      activesupport (= 8.0.4.1)
      globalid (>= 0.3.6)
    activemodel (8.0.4.1)
      activesupport (= 8.0.4.1)
    activerecord (8.0.4.1)
      activemodel (= 8.0.4.1)
      activesupport (= 8.0.4.1)
      timeout (>= 0.4.0)
    activestorage (8.0.4.1)
      actionpack (= 8.0.4.1)
      activejob (= 8.0.4.1)
      activerecord (= 8.0.4.1)
      activesupport (= 8.0.4.1)
      marcel (~> 1.0)
    activesupport (8.0.4.1)
=======
    actionview_precompiler (0.4.0)
      actionview (>= 6.0.a)
    activejob (8.1.2)
      activesupport (= 8.1.2)
      globalid (>= 0.3.6)
    activemodel (8.1.2)
      activesupport (= 8.1.2)
    activerecord (8.1.2)
      activemodel (= 8.1.2)
      activesupport (= 8.1.2)
      timeout (>= 0.4.0)
    activestorage (8.1.2)
      actionpack (= 8.1.2)
      activejob (= 8.1.2)
      activerecord (= 8.1.2)
      activesupport (= 8.1.2)
      marcel (~> 1.0)
    activesupport (8.1.2)
>>>>>>> Stashed changes
      base64
      bigdecimal
      concurrent-ruby (~> 1.0, >= 1.3.1)
      connection_pool (>= 2.2.5)
      drb
      i18n (>= 1.6, < 2)
      json
      logger (>= 1.4.2)
      minitest (>= 5.1, < 6)
      securerandom (>= 0.3)
      tzinfo (~> 2.0, >= 2.0.5)
      uri (>= 0.13.1)
<<<<<<< Updated upstream
    addressable (2.9.0)
      public_suffix (>= 2.0.2, < 8.0)
    base64 (0.3.0)
    benchmark (0.5.0)
    benchmark-ips (2.14.0)
    bigdecimal (4.0.1)
    bootsnap (1.18.6)
=======
    addressable (2.8.8)
      public_suffix (>= 2.0.2, < 8.0)
    base64 (0.3.0)
    benchmark-ips (2.14.0)
    bigdecimal (4.0.1)
    bootsnap (1.21.1)
>>>>>>> Stashed changes
      msgpack (~> 1.2)
    builder (3.3.0)
    capybara (3.40.0)
      addressable
      matrix
      mini_mime (>= 0.1.3)
      nokogiri (~> 1.11)
      rack (>= 1.6.0)
      rack-test (>= 0.6.3)
      regexp_parser (>= 1.5, < 3.0)
      xpath (~> 3.2)
    concurrent-ruby (1.3.6)
    connection_pool (3.0.2)
    crass (1.0.6)
    date (3.5.1)
    drb (2.2.3)
    erb (6.0.1)
    erubi (1.13.1)
    execjs (2.10.0)
    factory_bot (6.5.6)
      activesupport (>= 6.1.0)
    factory_bot_rails (6.5.1)
      factory_bot (~> 6.5)
      railties (>= 6.1.0)
    ffi (1.17.3-aarch64-linux-gnu)
    ffi (1.17.3-aarch64-linux-musl)
    ffi (1.17.3-arm-linux-gnu)
    ffi (1.17.3-arm-linux-musl)
    ffi (1.17.3-arm64-darwin)
    ffi (1.17.3-x86_64-darwin)
    ffi (1.17.3-x86_64-linux-gnu)
    ffi (1.17.3-x86_64-linux-musl)
    globalid (1.3.0)
      activesupport (>= 6.1)
<<<<<<< Updated upstream
=======
    herb (0.8.9-aarch64-linux-gnu)
    herb (0.8.9-aarch64-linux-musl)
    herb (0.8.9-arm-linux-gnu)
    herb (0.8.9-arm-linux-musl)
    herb (0.8.9-arm64-darwin)
    herb (0.8.9-x86_64-darwin)
    herb (0.8.9-x86_64-linux-gnu)
    herb (0.8.9-x86_64-linux-musl)
>>>>>>> Stashed changes
    i18n (1.14.8)
      concurrent-ruby (~> 1.0)
    io-console (0.8.2)
    irb (1.16.0)
      pp (>= 0.6.0)
      rdoc (>= 4.0.0)
      reline (>= 0.4.2)
    json (2.18.0)
    logger (1.7.0)
<<<<<<< Updated upstream
    loofah (2.25.1)
=======
    loofah (2.25.0)
>>>>>>> Stashed changes
      crass (~> 1.0.2)
      nokogiri (>= 1.12.0)
    mail (2.9.0)
      logger
      mini_mime (>= 0.1.1)
      net-imap
      net-pop
      net-smtp
    marcel (1.1.0)
    matrix (0.4.3)
    mini_mime (1.1.5)
<<<<<<< Updated upstream
    minitest (5.27.0)
=======
    minitest (6.0.1)
      prism (~> 1.5)
>>>>>>> Stashed changes
    msgpack (1.8.0)
    net-imap (0.6.2)
      date
      net-protocol
    net-pop (0.1.2)
      net-protocol
    net-protocol (0.2.2)
      timeout
    net-smtp (0.5.1)
      net-protocol
<<<<<<< Updated upstream
    nio4r (2.7.4)
    nokogiri (1.19.2-aarch64-linux-gnu)
      racc (~> 1.4)
    nokogiri (1.19.2-aarch64-linux-musl)
      racc (~> 1.4)
    nokogiri (1.19.2-arm-linux-gnu)
      racc (~> 1.4)
    nokogiri (1.19.2-arm-linux-musl)
      racc (~> 1.4)
    nokogiri (1.19.2-arm64-darwin)
      racc (~> 1.4)
    nokogiri (1.19.2-x86_64-darwin)
      racc (~> 1.4)
    nokogiri (1.19.2-x86_64-linux-gnu)
      racc (~> 1.4)
    nokogiri (1.19.2-x86_64-linux-musl)
=======
    nio4r (2.7.5)
    nokogiri (1.19.0-aarch64-linux-gnu)
      racc (~> 1.4)
    nokogiri (1.19.0-aarch64-linux-musl)
      racc (~> 1.4)
    nokogiri (1.19.0-arm-linux-gnu)
      racc (~> 1.4)
    nokogiri (1.19.0-arm-linux-musl)
      racc (~> 1.4)
    nokogiri (1.19.0-arm64-darwin)
      racc (~> 1.4)
    nokogiri (1.19.0-x86_64-darwin)
      racc (~> 1.4)
    nokogiri (1.19.0-x86_64-linux-gnu)
      racc (~> 1.4)
    nokogiri (1.19.0-x86_64-linux-musl)
>>>>>>> Stashed changes
      racc (~> 1.4)
    octicons (19.20.0)
    octicons_helper (19.20.0)
      actionview
      octicons (= 19.20.0)
      railties
    pg (1.6.3)
    pg (1.6.3-aarch64-linux)
    pg (1.6.3-aarch64-linux-musl)
    pg (1.6.3-arm64-darwin)
    pg (1.6.3-x86_64-darwin)
    pg (1.6.3-x86_64-linux)
    pg (1.6.3-x86_64-linux-musl)
    pp (0.6.3)
      prettyprint
    prettyprint (0.2.0)
    prism (1.9.0)
    psych (5.3.1)
      date
      stringio
<<<<<<< Updated upstream
    public_suffix (7.0.5)
    puma (4.3.12)
      nio4r (~> 2.0)
    racc (1.8.1)
    rack (3.2.6)
    rack-session (2.1.2)
=======
    public_suffix (7.0.2)
    puma (7.2.0)
      nio4r (~> 2.0)
    racc (1.8.1)
    rack (3.2.4)
    rack-session (2.1.1)
>>>>>>> Stashed changes
      base64 (>= 0.1.0)
      rack (>= 3.0.0)
    rack-test (2.2.0)
      rack (>= 1.3)
    rackup (2.3.1)
      rack (>= 3)
<<<<<<< Updated upstream
    rails (8.0.4.1)
      actioncable (= 8.0.4.1)
      actionmailbox (= 8.0.4.1)
      actionmailer (= 8.0.4.1)
      actionpack (= 8.0.4.1)
      actiontext (= 8.0.4.1)
      actionview (= 8.0.4.1)
      activejob (= 8.0.4.1)
      activemodel (= 8.0.4.1)
      activerecord (= 8.0.4.1)
      activestorage (= 8.0.4.1)
      activesupport (= 8.0.4.1)
      bundler (>= 1.15.0)
      railties (= 8.0.4.1)
=======
    rails (8.1.2)
      actioncable (= 8.1.2)
      actionmailbox (= 8.1.2)
      actionmailer (= 8.1.2)
      actionpack (= 8.1.2)
      actiontext (= 8.1.2)
      actionview (= 8.1.2)
      activejob (= 8.1.2)
      activemodel (= 8.1.2)
      activerecord (= 8.1.2)
      activestorage (= 8.1.2)
      activesupport (= 8.1.2)
      bundler (>= 1.15.0)
      railties (= 8.1.2)
>>>>>>> Stashed changes
    rails-dom-testing (2.3.0)
      activesupport (>= 5.0.0)
      minitest
      nokogiri (>= 1.6)
    rails-html-sanitizer (1.7.0)
      loofah (~> 2.25)
      nokogiri (>= 1.15.7, != 1.16.7, != 1.16.6, != 1.16.5, != 1.16.4, != 1.16.3, != 1.16.2, != 1.16.1, != 1.16.0.rc1, != 1.16.0)
<<<<<<< Updated upstream
    railties (8.0.4.1)
      actionpack (= 8.0.4.1)
      activesupport (= 8.0.4.1)
=======
    railties (8.1.2)
      actionpack (= 8.1.2)
      activesupport (= 8.1.2)
>>>>>>> Stashed changes
      irb (~> 1.13)
      rackup (>= 1.0.0)
      rake (>= 12.2)
      thor (~> 1.0, >= 1.2.2)
      tsort (>= 0.2)
      zeitwerk (~> 2.6)
    rake (13.3.1)
    rdoc (7.1.0)
      erb
      psych (>= 4.0.0)
      tsort
    regexp_parser (2.11.3)
    reline (0.6.3)
      io-console (~> 0.5)
    sassc (2.4.0)
      ffi (~> 1.9)
    sassc-rails (2.1.2)
      railties (>= 4.0.0)
      sassc (>= 2.0)
      sprockets (> 3.0)
      sprockets-rails
      tilt
    securerandom (0.4.1)
    slim (5.2.1)
      temple (~> 0.10.0)
      tilt (>= 2.1.0)
    sprockets (4.2.2)
      concurrent-ruby (~> 1.0)
      logger
      rack (>= 2.2.4, < 4)
    sprockets-rails (3.5.2)
      actionpack (>= 6.1)
      activesupport (>= 6.1)
      sprockets (>= 3.0.0)
<<<<<<< Updated upstream
    stringio (3.1.7)
    temple (0.10.3)
    thor (1.4.0)
    tilt (2.6.1)
    timeout (0.4.3)
=======
    stringio (3.2.0)
    temple (0.10.4)
    thor (1.5.0)
    tilt (2.7.0)
    timeout (0.6.0)
>>>>>>> Stashed changes
    tsort (0.2.0)
    tzinfo (2.0.6)
      concurrent-ruby (~> 1.0)
    uglifier (4.2.1)
      execjs (>= 0.3.0, < 3)
    uri (1.1.1)
    useragent (0.16.11)
    view_component (4.2.0)
      actionview (>= 7.1.0)
      activesupport (>= 7.1.0)
      concurrent-ruby (~> 1)
    websocket-driver (0.8.0)
      base64
      websocket-extensions (>= 0.1.0)
    websocket-extensions (0.1.5)
    xpath (3.2.0)
      nokogiri (~> 1.8)
    zeitwerk (2.7.4)

PLATFORMS
  aarch64-linux-gnu
  aarch64-linux-musl
  arm-linux-gnu
  arm-linux-musl
  arm64-darwin
  x86_64-darwin
  x86_64-linux-gnu
  x86_64-linux-musl

DEPENDENCIES
  auto_preview!
  benchmark-ips
  bootsnap (>= 1.1.0)
  capybara (~> 3)
  factory_bot_rails
  octicons_helper
  pg (>= 0.18, < 2.0)
  puma (>= 5)
  rails (~> 8)
  sassc-rails
  slim
  tzinfo-data
  uglifier (>= 1.3.0)
  view_component

RUBY VERSION
   ruby 4.0.0p0

BUNDLED WITH
   2.6.8
