{
  "name": "demo",
  "lockfileVersion": 2,
  "requires": true,
  "packages": {
    "": {
      "name": "demo",
      "dependencies": {
        "@primer/css": "^12.2.1"
      }
    },
    "node_modules/@primer/css": {
      "version": "12.2.1",
      "resolved": "https://registry.npmjs.org/@primer/css/-/css-12.2.1.tgz",
      "integrity": "sha512-RA5Lk8KinQXCKBJVdDhdlbMx14ih/eZCeWPaZDFnyrnWFIE4sJbfUXc315glg9E25WnpmfdnzawFyKQiHlNFIw==",
      "bin": {
        "primer-migrate": "bin/primer-migrate"
      }
    }
  },
  "dependencies": {
    "@primer/css": {
      "version": "12.2.1",
      "resolved": "https://registry.npmjs.org/@primer/css/-/css-12.2.1.tgz",
      "integrity": "sha512-RA5Lk8KinQXCKBJVdDhdlbMx14ih/eZCeWPaZDFnyrnWFIE4sJbfUXc315glg9E25WnpmfdnzawFyKQiHlNFIw=="
    }
  }
}
