{
  "name": "demo",
  "requires": true,
  "lockfileVersion": 1,
  "dependencies": {
    "@primer/css": {
      "version": "12.2.1",
      "resolved": "https://registry.npmjs.org/@primer/css/-/css-12.2.1.tgz",
      "integrity": "sha512-RA5Lk8KinQXCKBJVdDhdlbMx14ih/eZCeWPaZDFnyrnWFIE4sJbfUXc315glg9E25WnpmfdnzawFyKQiHlNFIw=="
    }
  }
}
